
Microsoft Visual Studio Solution File, Format Version 12.00
# Visual Studio 15
VisualStudioVersion = 15.0.28307.136
MinimumVisualStudioVersion = 10.0.40219.1
Project("{FAE04EC0-301F-11D3-BF4B-00C04F79EFBC}") = "TestRead", "TestRead\TestRead.csproj", "{E1F36294-BB53-473C-AF94-0C375105E27F}"
EndProject
Global
	GlobalSection(SolutionConfigurationPlatforms) = preSolution
		Debug|Any CPU = Debug|Any CPU
		Release|Any CPU = Release|Any CPU
	EndGlobalSection
	GlobalSection(ProjectConfigurationPlatforms) = postSolution
		{E1F36294-BB53-473C-AF94-0C375105E27F}.Debug|Any CPU.ActiveCfg = Debug|Any CPU
		{E1F36294-BB53-473C-AF94-0C375105E27F}.Debug|Any CPU.Build.0 = Debug|Any CPU
		{E1F36294-BB53-473C-AF94-0C375105E27F}.Release|Any CPU.ActiveCfg = Release|Any CPU
		{E1F36294-BB53-473C-AF94-0C375105E27F}.Release|Any CPU.Build.0 = Release|Any CPU
	EndGlobalSection
	GlobalSection(SolutionProperties) = preSolution
		HideSolutionNode = FALSE
	EndGlobalSection
	GlobalSection(ExtensibilityGlobals) = postSolution
		SolutionGuid = {C49570BB-7F91-4ADD-85DF-7C7023A2A6AD}
	EndGlobalSection
EndGlobal
